
Microsoft Visual Studio Solution File, Format Version 12.00
# Visual Studio Version 16
VisualStudioVersion = 16.0.32228.343
MinimumVisualStudioVersion = 10.0.40219.1
Project("{FAE04EC0-301F-11D3-BF4B-00C04F79EFBC}") = "HolePlugin", "HolePlugin\HolePlugin.csproj", "{B53EF2A6-B812-4658-9655-24BA11EB8A50}"
EndProject
Global
	GlobalSection(SolutionConfigurationPlatforms) = preSolution
		Debug|Any CPU = Debug|Any CPU
		Release|Any CPU = Release|Any CPU
	EndGlobalSection
	GlobalSection(ProjectConfigurationPlatforms) = postSolution
		{B53EF2A6-B812-4658-9655-24BA11EB8A50}.Debug|Any CPU.ActiveCfg = Debug|Any CPU
		{B53EF2A6-B812-4658-9655-24BA11EB8A50}.Debug|Any CPU.Build.0 = Debug|Any CPU
		{B53EF2A6-B812-4658-9655-24BA11EB8A50}.Release|Any CPU.ActiveCfg = Release|Any CPU
		{B53EF2A6-B812-4658-9655-24BA11EB8A50}.Release|Any CPU.Build.0 = Release|Any CPU
	EndGlobalSection
	GlobalSection(SolutionProperties) = preSolution
		HideSolutionNode = FALSE
	EndGlobalSection
	GlobalSection(ExtensibilityGlobals) = postSolution
		SolutionGuid = {52E51C31-FDB1-49CE-914D-F6AEA7F234A6}
	EndGlobalSection
EndGlobal
